Microsoft Visual Studio Solution File, Format Version 12.00
# Visual Studio 15
VisualStudioVersion = 15.0.26730.10
MinimumVisualStudioVersion = 10.0.40219.1
Project("{9A19103F-16F7-4668-BE54-9A1E7A4F7556}") = "DigitalParadox.Utilities.AssemblyLoader", "src\DigitalParadox.Utilities.AssemblyLoader\DigitalParadox.Utilities.AssemblyLoader.csproj", "{7EF28735-7020-4057-B2C1-37B5C3C8E1B5}"
EndProject
Project("{9A19103F-16F7-4668-BE54-9A1E7A4F7556}") = "TestAssembly", "src\TestAssembly\TestAssembly.csproj", "{02EAA5E2-1592-4319-A788-DEADC1C120A4}"
EndProject
Project("{9A19103F-16F7-4668-BE54-9A1E7A4F7556}") = "TestInterfaces", "src\TestInterfaces\TestInterfaces.csproj", "{C4109AC2-53BC-4E82-A7ED-0B8A264CC3B0}"
EndProject
Project("{9A19103F-16F7-4668-BE54-9A1E7A4F7556}") = "DigitalParadox.Utilities.AssemblyLoader.Tests", "src\DigitalParadox.Utilities.AssemblyLoader.Tests\DigitalParadox.Utilities.AssemblyLoader.Tests.csproj", "{8A29F7F5-C187-4290-8E57-6F658790DAD0}"
EndProject
Global
	GlobalSection(SolutionConfigurationPlatforms) = preSolution
		Debug|Any CPU = Debug|Any CPU
		Debug|x64 = Debug|x64
		Debug|x86 = Debug|x86
		Release|Any CPU = Release|Any CPU
		Release|x64 = Release|x64
		Release|x86 = Release|x86
	EndGlobalSection
	GlobalSection(ProjectConfigurationPlatforms) = postSolution
		{7EF28735-7020-4057-B2C1-37B5C3C8E1B5}.Debug|Any CPU.ActiveCfg = Debug|Any CPU
		{7EF28735-7020-4057-B2C1-37B5C3C8E1B5}.Debug|Any CPU.Build.0 = Debug|Any CPU
		{7EF28735-7020-4057-B2C1-37B5C3C8E1B5}.Debug|x64.ActiveCfg = Debug|Any CPU
		{7EF28735-7020-4057-B2C1-37B5C3C8E1B5}.Debug|x64.Build.0 = Debug|Any CPU
		{7EF28735-7020-4057-B2C1-37B5C3C8E1B5}.Debug|x86.ActiveCfg = Debug|Any CPU
		{7EF28735-7020-4057-B2C1-37B5C3C8E1B5}.Debug|x86.Build.0 = Debug|Any CPU
		{7EF28735-7020-4057-B2C1-37B5C3C8E1B5}.Release|Any CPU.ActiveCfg = Release|Any CPU
		{7EF28735-7020-4057-B2C1-37B5C3C8E1B5}.Release|Any CPU.Build.0 = Release|Any CPU
		{7EF28735-7020-4057-B2C1-37B5C3C8E1B5}.Release|x64.ActiveCfg = Release|Any CPU
		{7EF28735-7020-4057-B2C1-37B5C3C8E1B5}.Release|x64.Build.0 = Release|Any CPU
		{7EF28735-7020-4057-B2C1-37B5C3C8E1B5}.Release|x86.ActiveCfg = Release|Any CPU
		{7EF28735-7020-4057-B2C1-37B5C3C8E1B5}.Release|x86.Build.0 = Release|Any CPU
		{02EAA5E2-1592-4319-A788-DEADC1C120A4}.Debug|Any CPU.ActiveCfg = Debug|Any CPU
		{02EAA5E2-1592-4319-A788-DEADC1C120A4}.Debug|Any CPU.Build.0 = Debug|Any CPU
		{02EAA5E2-1592-4319-A788-DEADC1C120A4}.Debug|x64.ActiveCfg = Debug|Any CPU
		{02EAA5E2-1592-4319-A788-DEADC1C120A4}.Debug|x64.Build.0 = Debug|Any CPU
		{02EAA5E2-1592-4319-A788-DEADC1C120A4}.Debug|x86.ActiveCfg = Debug|Any CPU
		{02EAA5E2-1592-4319-A788-DEADC1C120A4}.Debug|x86.Build.0 = Debug|Any CPU
		{02EAA5E2-1592-4319-A788-DEADC1C120A4}.Release|Any CPU.ActiveCfg = Release|Any CPU
		{02EAA5E2-1592-4319-A788-DEADC1C120A4}.Release|Any CPU.Build.0 = Release|Any CPU
		{02EAA5E2-1592-4319-A788-DEADC1C120A4}.Release|x64.ActiveCfg = Release|Any CPU
		{02EAA5E2-1592-4319-A788-DEADC1C120A4}.Release|x64.Build.0 = Release|Any CPU
		{02EAA5E2-1592-4319-A788-DEADC1C120A4}.Release|x86.ActiveCfg = Release|Any CPU
		{02EAA5E2-1592-4319-A788-DEADC1C120A4}.Release|x86.Build.0 = Release|Any CPU
		{C4109AC2-53BC-4E82-A7ED-0B8A264CC3B0}.Debug|Any CPU.ActiveCfg = Debug|Any CPU
		{C4109AC2-53BC-4E82-A7ED-0B8A264CC3B0}.Debug|Any CPU.Build.0 = Debug|Any CPU
		{C4109AC2-53BC-4E82-A7ED-0B8A264CC3B0}.Debug|x64.ActiveCfg = Debug|Any CPU
		{C4109AC2-53BC-4E82-A7ED-0B8A264CC3B0}.Debug|x64.Build.0 = Debug|Any CPU
		{C4109AC2-53BC-4E82-A7ED-0B8A264CC3B0}.Debug|x86.ActiveCfg = Debug|Any CPU
		{C4109AC2-53BC-4E82-A7ED-0B8A264CC3B0}.Debug|x86.Build.0 = Debug|Any CPU
		{C4109AC2-53BC-4E82-A7ED-0B8A264CC3B0}.Release|Any CPU.ActiveCfg = Release|Any CPU
		{C4109AC2-53BC-4E82-A7ED-0B8A264CC3B0}.Release|Any CPU.Build.0 = Release|Any CPU
		{C4109AC2-53BC-4E82-A7ED-0B8A264CC3B0}.Release|x64.ActiveCfg = Release|Any CPU
		{C4109AC2-53BC-4E82-A7ED-0B8A264CC3B0}.Release|x64.Build.0 = Release|Any CPU
		{C4109AC2-53BC-4E82-A7ED-0B8A264CC3B0}.Release|x86.ActiveCfg = Release|Any CPU
		{C4109AC2-53BC-4E82-A7ED-0B8A264CC3B0}.Release|x86.Build.0 = Release|Any CPU
		{8A29F7F5-C187-4290-8E57-6F658790DAD0}.Debug|Any CPU.ActiveCfg = Debug|Any CPU
		{8A29F7F5-C187-4290-8E57-6F658790DAD0}.Debug|Any CPU.Build.0 = Debug|Any CPU
		{8A29F7F5-C187-4290-8E57-6F658790DAD0}.Debug|x64.ActiveCfg = Debug|Any CPU
		{8A29F7F5-C187-4290-8E57-6F658790DAD0}.Debug|x64.Build.0 = Debug|Any CPU
		{8A29F7F5-C187-4290-8E57-6F658790DAD0}.Debug|x86.ActiveCfg = Debug|Any CPU
		{8A29F7F5-C187-4290-8E57-6F658790DAD0}.Debug|x86.Build.0 = Debug|Any CPU
		{8A29F7F5-C187-4290-8E57-6F658790DAD0}.Release|Any CPU.ActiveCfg = Release|Any CPU
		{8A29F7F5-C187-4290-8E57-6F658790DAD0}.Release|Any CPU.Build.0 = Release|Any CPU
		{8A29F7F5-C187-4290-8E57-6F658790DAD0}.Release|x64.ActiveCfg = Release|Any CPU
		{8A29F7F5-C187-4290-8E57-6F658790DAD0}.Release|x64.Build.0 = Release|Any CPU
		{8A29F7F5-C187-4290-8E57-6F658790DAD0}.Release|x86.ActiveCfg = Release|Any CPU
		{8A29F7F5-C187-4290-8E57-6F658790DAD0}.Release|x86.Build.0 = Release|Any CPU
	EndGlobalSection
	GlobalSection(SolutionProperties) = preSolution
		HideSolutionNode = FALSE
	EndGlobalSection
	GlobalSection(ExtensibilityGlobals) = postSolution
		SolutionGuid = {7DE2BC41-0EA9-4C03-8F7D-A13CF530FF84}
	EndGlobalSection
EndGlobal
